
Microsoft Visual Studio Solution File, Format Version 12.00
# Visual Studio Version 17
VisualStudioVersion = 17.0.31606.5
MinimumVisualStudioVersion = 10.0.40219.1
Project("{FAE04EC0-301F-11D3-BF4B-00C04F79EFBC}") = "console-redis-chat-app", "console-redis-chat-app.csproj", "{2BD46E24-5D61-49FA-8684-5F44564C9D00}"
EndProject
Global
	GlobalSection(SolutionConfigurationPlatforms) = preSolution
		Debug|Any CPU = Debug|Any CPU
		Release|Any CPU = Release|Any CPU
	EndGlobalSection
	GlobalSection(ProjectConfigurationPlatforms) = postSolution
		{2BD46E24-5D61-49FA-8684-5F44564C9D00}.Debug|Any CPU.ActiveCfg = Debug|Any CPU
		{2BD46E24-5D61-49FA-8684-5F44564C9D00}.Debug|Any CPU.Build.0 = Debug|Any CPU
		{2BD46E24-5D61-49FA-8684-5F44564C9D00}.Release|Any CPU.ActiveCfg = Release|Any CPU
		{2BD46E24-5D61-49FA-8684-5F44564C9D00}.Release|Any CPU.Build.0 = Release|Any CPU
	EndGlobalSection
	GlobalSection(SolutionProperties) = preSolution
		HideSolutionNode = FALSE
	EndGlobalSection
	GlobalSection(ExtensibilityGlobals) = postSolution
		SolutionGuid = {26C1AC7E-59CA-4220-9AAD-3B722764B6E9}
	EndGlobalSection
EndGlobal
